{
  "name": "grupo-3-tienda",
  "version": "1.0.0",
  "lockfileVersion": 3,
  "requires": true,
<<<<<<< HEAD
  "packages": {}
}
=======
  "packages": {
    "": {
      "name": "grupo-3-tienda",
      "version": "1.0.0",
      "license": "ISC"
    }
  }
}
>>>>>>> 32275beefd3f0dc44d72c63301f946dbc4217a6d
